// !$*UTF8*$!
{
	archiveVersion = 1;
	classes = {
	};
	objectVersion = 46;
	objects = {

/* Begin PBXBuildFile section */
		D73ED6AF1DB7BD640057099D /* AppDelegate.swift in Sources */ = {isa = PBXBuildFile; fileRef = D73ED6AE1DB7BD640057099D /* AppDelegate.swift */; };
		D73ED6B11DB7BD640057099D /* MainViewController.swift in Sources */ = {isa = PBXBuildFile; fileRef = D73ED6B01DB7BD640057099D /* MainViewController.swift */; };
		D73ED6B41DB7BD640057099D /* Main.storyboard in Resources */ = {isa = PBXBuildFile; fileRef = D73ED6B21DB7BD640057099D /* Main.storyboard */; };
		D73ED6B71DB7BD640057099D /* ReviewS.xcdatamodeld in Sources */ = {isa = PBXBuildFile; fileRef = D73ED6B51DB7BD640057099D /* ReviewS.xcdatamodeld */; };
		D73ED6B91DB7BD640057099D /* Assets.xcassets in Resources */ = {isa = PBXBuildFile; fileRef = D73ED6B81DB7BD640057099D /* Assets.xcassets */; };
		D73ED6BC1DB7BD640057099D /* LaunchScreen.storyboard in Resources */ = {isa = PBXBuildFile; fileRef = D73ED6BA1DB7BD640057099D /* LaunchScreen.storyboard */; };
		D73ED6C61DB7C0510057099D /* CloudKit.framework in Frameworks */ = {isa = PBXBuildFile; fileRef = D73ED6C51DB7C0510057099D /* CloudKit.framework */; };
		D74C020F1DB917E200E36297 /* UploadQViewController.swift in Sources */ = {isa = PBXBuildFile; fileRef = D74C020E1DB917E200E36297 /* UploadQViewController.swift */; };
		D74C02111DB9181C00E36297 /* FlashCardsViewController.swift in Sources */ = {isa = PBXBuildFile; fileRef = D74C02101DB9181C00E36297 /* FlashCardsViewController.swift */; };
		D75AEE6F1DF7141F00D51361 /* StarredFlashCardsViewController.swift in Sources */ = {isa = PBXBuildFile; fileRef = D75AEE6E1DF7141F00D51361 /* StarredFlashCardsViewController.swift */; };
		D7A993331DDCB700009272DB /* TestViewController.swift in Sources */ = {isa = PBXBuildFile; fileRef = D7A993321DDCB700009272DB /* TestViewController.swift */; };
		D7CD23C11DBE52FC003449FA /* RegisterViewController.swift in Sources */ = {isa = PBXBuildFile; fileRef = D7CD23C01DBE52FC003449FA /* RegisterViewController.swift */; };
		D7D220E41DBE59010001AA1C /* Card.swift in Sources */ = {isa = PBXBuildFile; fileRef = D7D220E31DBE59010001AA1C /* Card.swift */; };
		DB26DB081DF27E3D0081FB41 /* UIViewExtensions.swift in Sources */ = {isa = PBXBuildFile; fileRef = DB26DB071DF27E3D0081FB41 /* UIViewExtensions.swift */; };
/* End PBXBuildFile section */

/* Begin PBXFileReference section */
		D73ED6AB1DB7BD640057099D /* ReviewS.app */ = {isa = PBXFileReference; explicitFileType = wrapper.application; includeInIndex = 0; path = ReviewS.app; sourceTree = BUILT_PRODUCTS_DIR; };
		D73ED6AE1DB7BD640057099D /* AppDelegate.swift */ = {isa = PBXFileReference; lastKnownFileType = sourcecode.swift; path = AppDelegate.swift; sourceTree = "<group>"; };
		D73ED6B01DB7BD640057099D /* MainViewController.swift */ = {isa = PBXFileReference; lastKnownFileType = sourcecode.swift; path = MainViewController.swift; sourceTree = "<group>"; };
		D73ED6B31DB7BD640057099D /* Base */ = {isa = PBXFileReference; lastKnownFileType = file.storyboard; name = Base; path = Base.lproj/Main.storyboard; sourceTree = "<group>"; };
		D73ED6B61DB7BD640057099D /* ReviewS.xcdatamodel */ = {isa = PBXFileReference; lastKnownFileType = wrapper.xcdatamodel; path = ReviewS.xcdatamodel; sourceTree = "<group>"; };
		D73ED6B81DB7BD640057099D /* Assets.xcassets */ = {isa = PBXFileReference; lastKnownFileType = folder.assetcatalog; path = Assets.xcassets; sourceTree = "<group>"; };
		D73ED6BB1DB7BD640057099D /* Base */ = {isa = PBXFileReference; lastKnownFileType = file.storyboard; name = Base; path = Base.lproj/LaunchScreen.storyboard; sourceTree = "<group>"; };
		D73ED6BD1DB7BD640057099D /* Info.plist */ = {isa = PBXFileReference; lastKnownFileType = text.plist.xml; path = Info.plist; sourceTree = "<group>"; };
		D73ED6C31DB7C04B0057099D /* ReviewS.entitlements */ = {isa = PBXFileReference; lastKnownFileType = text.plist.entitlements; path = ReviewS.entitlements; sourceTree = "<group>"; };
		D73ED6C51DB7C0510057099D /* CloudKit.framework */ = {isa = PBXFileReference; lastKnownFileType = wrapper.framework; name = CloudKit.framework; path = System/Library/Frameworks/CloudKit.framework; sourceTree = SDKROOT; };
		D74C020E1DB917E200E36297 /* UploadQViewController.swift */ = {isa = PBXFileReference; fileEncoding = 4; lastKnownFileType = sourcecode.swift; path = UploadQViewController.swift; sourceTree = "<group>"; };
		D74C02101DB9181C00E36297 /* FlashCardsViewController.swift */ = {isa = PBXFileReference; fileEncoding = 4; lastKnownFileType = sourcecode.swift; path = FlashCardsViewController.swift; sourceTree = "<group>"; };
		D75AEE6E1DF7141F00D51361 /* StarredFlashCardsViewController.swift */ = {isa = PBXFileReference; fileEncoding = 4; lastKnownFileType = sourcecode.swift; path = StarredFlashCardsViewController.swift; sourceTree = "<group>"; };
		D7A993321DDCB700009272DB /* TestViewController.swift */ = {isa = PBXFileReference; fileEncoding = 4; lastKnownFileType = sourcecode.swift; path = TestViewController.swift; sourceTree = "<group>"; };
		D7CD23C01DBE52FC003449FA /* RegisterViewController.swift */ = {isa = PBXFileReference; fileEncoding = 4; lastKnownFileType = sourcecode.swift; path = RegisterViewController.swift; sourceTree = "<group>"; };
		D7D220E31DBE59010001AA1C /* Card.swift */ = {isa = PBXFileReference; fileEncoding = 4; lastKnownFileType = sourcecode.swift; path = Card.swift; sourceTree = "<group>"; };
		DB26DB071DF27E3D0081FB41 /* UIViewExtensions.swift */ = {isa = PBXFileReference; fileEncoding = 4; lastKnownFileType = sourcecode.swift; path = UIViewExtensions.swift; sourceTree = "<group>"; };
/* End PBXFileReference section */

/* Begin PBXFrameworksBuildPhase section */
		D73ED6A81DB7BD640057099D /* Frameworks */ = {
			isa = PBXFrameworksBuildPhase;
			buildActionMask = 2147483647;
			files = (
				D73ED6C61DB7C0510057099D /* CloudKit.framework in Frameworks */,
			);
			runOnlyForDeploymentPostprocessing = 0;
		};
/* End PBXFrameworksBuildPhase section */

/* Begin PBXGroup section */
		D73ED6A21DB7BD640057099D = {
			isa = PBXGroup;
			children = (
				D73ED6AD1DB7BD640057099D /* ReviewS */,
				D73ED6AC1DB7BD640057099D /* Products */,
				D73ED6C41DB7C0510057099D /* Frameworks */,
			);
			sourceTree = "<group>";
		};
		D73ED6AC1DB7BD640057099D /* Products */ = {
			isa = PBXGroup;
			children = (
				D73ED6AB1DB7BD640057099D /* ReviewS.app */,
			);
			name = Products;
			sourceTree = "<group>";
		};
		D73ED6AD1DB7BD640057099D /* ReviewS */ = {
			isa = PBXGroup;
			children = (
				D73ED6B21DB7BD640057099D /* Main.storyboard */,
				D7A993321DDCB700009272DB /* TestViewController.swift */,
				D74C02101DB9181C00E36297 /* FlashCardsViewController.swift */,
				D75AEE6E1DF7141F00D51361 /* StarredFlashCardsViewController.swift */,
				D74C02131DB9185000E36297 /* Other Files */,
				DB26DB051DF261C90081FB41 /* Login FIles */,
				DB26DB061DF262050081FB41 /* CloudKit */,
				D73ED6B81DB7BD640057099D /* Assets.xcassets */,
			);
			path = ReviewS;
			sourceTree = "<group>";
		};
		D73ED6C41DB7C0510057099D /* Frameworks */ = {
			isa = PBXGroup;
			children = (
				D73ED6C51DB7C0510057099D /* CloudKit.framework */,
			);
			name = Frameworks;
			sourceTree = "<group>";
		};
		D74C02131DB9185000E36297 /* Other Files */ = {
			isa = PBXGroup;
			children = (
				DB26DB071DF27E3D0081FB41 /* UIViewExtensions.swift */,
				D73ED6C31DB7C04B0057099D /* ReviewS.entitlements */,
				D7D220E31DBE59010001AA1C /* Card.swift */,
				D73ED6AE1DB7BD640057099D /* AppDelegate.swift */,
				D73ED6BA1DB7BD640057099D /* LaunchScreen.storyboard */,
				D73ED6BD1DB7BD640057099D /* Info.plist */,
				D73ED6B51DB7BD640057099D /* ReviewS.xcdatamodeld */,
			);
			name = "Other Files";
			sourceTree = "<group>";
		};
		DB26DB051DF261C90081FB41 /* Login FIles */ = {
			isa = PBXGroup;
			children = (
				D7CD23C01DBE52FC003449FA /* RegisterViewController.swift */,
				D73ED6B01DB7BD640057099D /* MainViewController.swift */,
			);
			name = "Login FIles";
			sourceTree = "<group>";
		};
		DB26DB061DF262050081FB41 /* CloudKit */ = {
			isa = PBXGroup;
			children = (
				D74C020E1DB917E200E36297 /* UploadQViewController.swift */,
			);
			name = CloudKit;
			sourceTree = "<group>";
		};
/* End PBXGroup section */

/* Begin PBXNativeTarget section */
		D73ED6AA1DB7BD640057099D /* ReviewS */ = {
			isa = PBXNativeTarget;
			buildConfigurationList = D73ED6C01DB7BD640057099D /* Build configuration list for PBXNativeTarget "ReviewS" */;
			buildPhases = (
				D73ED6A71DB7BD640057099D /* Sources */,
				D73ED6A81DB7BD640057099D /* Frameworks */,
				D73ED6A91DB7BD640057099D /* Resources */,
			);
			buildRules = (
			);
			dependencies = (
			);
			name = ReviewS;
			productName = ReviewS;
			productReference = D73ED6AB1DB7BD640057099D /* ReviewS.app */;
			productType = "com.apple.product-type.application";
		};
/* End PBXNativeTarget section */

/* Begin PBXProject section */
		D73ED6A31DB7BD640057099D /* Project object */ = {
			isa = PBXProject;
			attributes = {
				LastSwiftUpdateCheck = 0810;
				LastUpgradeCheck = 0810;
				ORGANIZATIONNAME = "John Hersey High School";
				TargetAttributes = {
					D73ED6AA1DB7BD640057099D = {
						CreatedOnToolsVersion = 8.1;
						DevelopmentTeam = BWYT76Q3DS;
						ProvisioningStyle = Automatic;
						SystemCapabilities = {
							com.apple.Push = {
								enabled = 0;
							};
							com.apple.iCloud = {
								enabled = 1;
							};
						};
					};
				};
			};
			buildConfigurationList = D73ED6A61DB7BD640057099D /* Build configuration list for PBXProject "ReviewS" */;
			compatibilityVersion = "Xcode 3.2";
			developmentRegion = English;
			hasScannedForEncodings = 0;
			knownRegions = (
				en,
				Base,
			);
			mainGroup = D73ED6A21DB7BD640057099D;
			productRefGroup = D73ED6AC1DB7BD640057099D /* Products */;
			projectDirPath = "";
			projectRoot = "";
			targets = (
				D73ED6AA1DB7BD640057099D /* ReviewS */,
			);
		};
/* End PBXProject section */

/* Begin PBXResourcesBuildPhase section */
		D73ED6A91DB7BD640057099D /* Resources */ = {
			isa = PBXResourcesBuildPhase;
			buildActionMask = 2147483647;
			files = (
				D73ED6BC1DB7BD640057099D /* LaunchScreen.storyboard in Resources */,
				D73ED6B91DB7BD640057099D /* Assets.xcassets in Resources */,
				D73ED6B41DB7BD640057099D /* Main.storyboard in Resources */,
			);
			runOnlyForDeploymentPostprocessing = 0;
		};
/* End PBXResourcesBuildPhase section */

/* Begin PBXSourcesBuildPhase section */
		D73ED6A71DB7BD640057099D /* Sources */ = {
			isa = PBXSourcesBuildPhase;
			buildActionMask = 2147483647;
			files = (
				D73ED6B11DB7BD640057099D /* MainViewController.swift in Sources */,
				D7CD23C11DBE52FC003449FA /* RegisterViewController.swift in Sources */,
				D73ED6B71DB7BD640057099D /* ReviewS.xcdatamodeld in Sources */,
				D74C02111DB9181C00E36297 /* FlashCardsViewController.swift in Sources */,
				D73ED6AF1DB7BD640057099D /* AppDelegate.swift in Sources */,
				DB26DB081DF27E3D0081FB41 /* UIViewExtensions.swift in Sources */,
				D75AEE6F1DF7141F00D51361 /* StarredFlashCardsViewController.swift in Sources */,
				D74C020F1DB917E200E36297 /* UploadQViewController.swift in Sources */,
				D7A993331DDCB700009272DB /* TestViewController.swift in Sources */,
				D7D220E41DBE59010001AA1C /* Card.swift in Sources */,
			);
			runOnlyForDeploymentPostprocessing = 0;
		};
/* End PBXSourcesBuildPhase section */

/* Begin PBXVariantGroup section */
		D73ED6B21DB7BD640057099D /* Main.storyboard */ = {
			isa = PBXVariantGroup;
			children = (
				D73ED6B31DB7BD640057099D /* Base */,
			);
			name = Main.storyboard;
			sourceTree = "<group>";
		};
		D73ED6BA1DB7BD640057099D /* LaunchScreen.storyboard */ = {
			isa = PBXVariantGroup;
			children = (
				D73ED6BB1DB7BD640057099D /* Base */,
			);
			name = LaunchScreen.storyboard;
			sourceTree = "<group>";
		};
/* End PBXVariantGroup section */

/* Begin XCBuildConfiguration section */
		D73ED6BE1DB7BD640057099D /* Debug */ = {
			isa = XCBuildConfiguration;
			buildSettings = {
				ALWAYS_SEARCH_USER_PATHS = NO;
				CLANG_ANALYZER_NONNULL = YES;
				CLANG_CXX_LANGUAGE_STANDARD = "gnu++0x";
				CLANG_CXX_LIBRARY = "libc++";
				CLANG_ENABLE_MODULES = YES;
				CLANG_ENABLE_OBJC_ARC = YES;
				CLANG_WARN_BOOL_CONVERSION = YES;
				CLANG_WARN_CONSTANT_CONVERSION = YES;
				CLANG_WARN_DIRECT_OBJC_ISA_USAGE = YES_ERROR;
				CLANG_WARN_DOCUMENTATION_COMMENTS = YES;
				CLANG_WARN_EMPTY_BODY = YES;
				CLANG_WARN_ENUM_CONVERSION = YES;
				CLANG_WARN_INFINITE_RECURSION = YES;
				CLANG_WARN_INT_CONVERSION = YES;
				CLANG_WARN_OBJC_ROOT_CLASS = YES_ERROR;
				CLANG_WARN_SUSPICIOUS_MOVES = YES;
				CLANG_WARN_UNREACHABLE_CODE = YES;
				CLANG_WARN__DUPLICATE_METHOD_MATCH = YES;
				"CODE_SIGN_IDENTITY[sdk=iphoneos*]" = "iPhone Developer";
				COPY_PHASE_STRIP = NO;
				DEBUG_INFORMATION_FORMAT = dwarf;
				ENABLE_STRICT_OBJC_MSGSEND = YES;
				ENABLE_TESTABILITY = YES;
				GCC_C_LANGUAGE_STANDARD = gnu99;
				GCC_DYNAMIC_NO_PIC = NO;
				GCC_NO_COMMON_BLOCKS = YES;
				GCC_OPTIMIZATION_LEVEL = 0;
				GCC_PREPROCESSOR_DEFINITIONS = (
					"DEBUG=1",
					"$(inherited)",
				);
				GCC_WARN_64_TO_32_BIT_CONVERSION = YES;
				GCC_WARN_ABOUT_RETURN_TYPE = YES_ERROR;
				GCC_WARN_UNDECLARED_SELECTOR = YES;
				GCC_WARN_UNINITIALIZED_AUTOS = YES_AGGRESSIVE;
				GCC_WARN_UNUSED_FUNCTION = YES;
				GCC_WARN_UNUSED_VARIABLE = YES;
				IPHONEOS_DEPLOYMENT_TARGET = 10.1;
				MTL_ENABLE_DEBUG_INFO = YES;
				ONLY_ACTIVE_ARCH = YES;
				SDKROOT = iphoneos;
				SWIFT_ACTIVE_COMPILATION_CONDITIONS = DEBUG;
				SWIFT_OPTIMIZATION_LEVEL = "-Onone";
				TARGETED_DEVICE_FAMILY = "1,2";
			};
			name = Debug;
		};
		D73ED6BF1DB7BD640057099D /* Release */ = {
			isa = XCBuildConfiguration;
			buildSettings = {
				ALWAYS_SEARCH_USER_PATHS = NO;
				CLANG_ANALYZER_NONNULL = YES;
				CLANG_CXX_LANGUAGE_STANDARD = "gnu++0x";
				CLANG_CXX_LIBRARY = "libc++";
				CLANG_ENABLE_MODULES = YES;
				CLANG_ENABLE_OBJC_ARC = YES;
				CLANG_WARN_BOOL_CONVERSION = YES;
				CLANG_WARN_CONSTANT_CONVERSION = YES;
				CLANG_WARN_DIRECT_OBJC_ISA_USAGE = YES_ERROR;
				CLANG_WARN_DOCUMENTATION_COMMENTS = YES;
				CLANG_WARN_EMPTY_BODY = YES;
				CLANG_WARN_ENUM_CONVERSION = YES;
				CLANG_WARN_INFINITE_RECURSION = YES;
				CLANG_WARN_INT_CONVERSION = YES;
				CLANG_WARN_OBJC_ROOT_CLASS = YES_ERROR;
				CLANG_WARN_SUSPICIOUS_MOVES = YES;
				CLANG_WARN_UNREACHABLE_CODE = YES;
				CLANG_WARN__DUPLICATE_METHOD_MATCH = YES;
				"CODE_SIGN_IDENTITY[sdk=iphoneos*]" = "iPhone Developer";
				COPY_PHASE_STRIP = NO;
				DEBUG_INFORMATION_FORMAT = "dwarf-with-dsym";
				ENABLE_NS_ASSERTIONS = NO;
				ENABLE_STRICT_OBJC_MSGSEND = YES;
				GCC_C_LANGUAGE_STANDARD = gnu99;
				GCC_NO_COMMON_BLOCKS = YES;
				GCC_WARN_64_TO_32_BIT_CONVERSION = YES;
				GCC_WARN_ABOUT_RETURN_TYPE = YES_ERROR;
				GCC_WARN_UNDECLARED_SELECTOR = YES;
				GCC_WARN_UNINITIALIZED_AUTOS = YES_AGGRESSIVE;
				GCC_WARN_UNUSED_FUNCTION = YES;
				GCC_WARN_UNUSED_VARIABLE = YES;
				IPHONEOS_DEPLOYMENT_TARGET = 10.1;
				MTL_ENABLE_DEBUG_INFO = NO;
				SDKROOT = iphoneos;
				SWIFT_OPTIMIZATION_LEVEL = "-Owholemodule";
				TARGETED_DEVICE_FAMILY = "1,2";
				VALIDATE_PRODUCT = YES;
			};
			name = Release;
		};
		D73ED6C11DB7BD640057099D /* Debug */ = {
			isa = XCBuildConfiguration;
			buildSettings = {
				ASSETCATALOG_COMPILER_APPICON_NAME = AppIcon;
				CODE_SIGN_ENTITLEMENTS = ReviewS/ReviewS.entitlements;
				DEVELOPMENT_TEAM = BWYT76Q3DS;
				INFOPLIST_FILE = ReviewS/Info.plist;
				IPHONEOS_DEPLOYMENT_TARGET = 10.0;
				LD_RUNPATH_SEARCH_PATHS = "$(inherited) @executable_path/Frameworks";
				PRODUCT_BUNDLE_IDENTIFIER = org.jhhs.JBMx.ReviewS;
				PRODUCT_NAME = "$(TARGET_NAME)";
				SWIFT_VERSION = 3.0;
			};
			name = Debug;
		};
		D73ED6C21DB7BD640057099D /* Release */ = {
			isa = XCBuildConfiguration;
			buildSettings = {
				ASSETCATALOG_COMPILER_APPICON_NAME = AppIcon;
				CODE_SIGN_ENTITLEMENTS = ReviewS/ReviewS.entitlements;
				DEVELOPMENT_TEAM = BWYT76Q3DS;
				INFOPLIST_FILE = ReviewS/Info.plist;
				IPHONEOS_DEPLOYMENT_TARGET = 10.0;
				LD_RUNPATH_SEARCH_PATHS = "$(inherited) @executable_path/Frameworks";
				PRODUCT_BUNDLE_IDENTIFIER = org.jhhs.JBMx.ReviewS;
				PRODUCT_NAME = "$(TARGET_NAME)";
				SWIFT_VERSION = 3.0;
			};
			name = Release;
		};
/* End XCBuildConfiguration section */

/* Begin XCConfigurationList section */
		D73ED6A61DB7BD640057099D /* Build configuration list for PBXProject "ReviewS" */ = {
			isa = XCConfigurationList;
			buildConfigurations = (
				D73ED6BE1DB7BD640057099D /* Debug */,
				D73ED6BF1DB7BD640057099D /* Release */,
			);
			defaultConfigurationIsVisible = 0;
			defaultConfigurationName = Release;
		};
		D73ED6C01DB7BD640057099D /* Build configuration list for PBXNativeTarget "ReviewS" */ = {
			isa = XCConfigurationList;
			buildConfigurations = (
				D73ED6C11DB7BD640057099D /* Debug */,
				D73ED6C21DB7BD640057099D /* Release */,
			);
			defaultConfigurationIsVisible = 0;
			defaultConfigurationName = Release;
		};
/* End XCConfigurationList section */

/* Begin XCVersionGroup section */
		D73ED6B51DB7BD640057099D /* ReviewS.xcdatamodeld */ = {
			isa = XCVersionGroup;
			children = (
				D73ED6B61DB7BD640057099D /* ReviewS.xcdatamodel */,
			);
			currentVersion = D73ED6B61DB7BD640057099D /* ReviewS.xcdatamodel */;
			path = ReviewS.xcdatamodeld;
			sourceTree = "<group>";
			versionGroupType = wrapper.xcdatamodel;
		};
/* End XCVersionGroup section */
	};
	rootObject = D73ED6A31DB7BD640057099D /* Project object */;
}
